
Microsoft Visual Studio Solution File, Format Version 12.00
# Visual Studio Version 17
VisualStudioVersion = 17.8.34330.188
MinimumVisualStudioVersion = 10.0.40219.1
Project("{FAE04EC0-301F-11D3-BF4B-00C04F79EFBC}") = "Day10", "Day10\Day10.csproj", "{F2EE06FC-0D80-4943-B815-AC7C6BE04D62}"
EndProject
Project("{FAE04EC0-301F-11D3-BF4B-00C04F79EFBC}") = "Day10 Cont", "Day10 Cont\Day10 Cont.csproj", "{8C6F472D-277F-4B3C-AB42-0343CA257286}"
EndProject
Global
	GlobalSection(SolutionConfigurationPlatforms) = preSolution
		Debug|Any CPU = Debug|Any CPU
		Release|Any CPU = Release|Any CPU
	EndGlobalSection
	GlobalSection(ProjectConfigurationPlatforms) = postSolution
		{F2EE06FC-0D80-4943-B815-AC7C6BE04D62}.Debug|Any CPU.ActiveCfg = Debug|Any CPU
		{F2EE06FC-0D80-4943-B815-AC7C6BE04D62}.Debug|Any CPU.Build.0 = Debug|Any CPU
		{F2EE06FC-0D80-4943-B815-AC7C6BE04D62}.Release|Any CPU.ActiveCfg = Release|Any CPU
		{F2EE06FC-0D80-4943-B815-AC7C6BE04D62}.Release|Any CPU.Build.0 = Release|Any CPU
		{8C6F472D-277F-4B3C-AB42-0343CA257286}.Debug|Any CPU.ActiveCfg = Debug|Any CPU
		{8C6F472D-277F-4B3C-AB42-0343CA257286}.Debug|Any CPU.Build.0 = Debug|Any CPU
		{8C6F472D-277F-4B3C-AB42-0343CA257286}.Release|Any CPU.ActiveCfg = Release|Any CPU
		{8C6F472D-277F-4B3C-AB42-0343CA257286}.Release|Any CPU.Build.0 = Release|Any CPU
	EndGlobalSection
	GlobalSection(SolutionProperties) = preSolution
		HideSolutionNode = FALSE
	EndGlobalSection
	GlobalSection(ExtensibilityGlobals) = postSolution
		SolutionGuid = {6C101953-BF86-4E55-A0E1-4885A0C12BC9}
	EndGlobalSection
EndGlobal
