
Microsoft Visual Studio Solution File, Format Version 12.00
# Visual Studio Version 17
VisualStudioVersion = 17.8.34330.188
MinimumVisualStudioVersion = 10.0.40219.1
Project("{FAE04EC0-301F-11D3-BF4B-00C04F79EFBC}") = "Day6", "Day6\Day6.csproj", "{5907BFCE-3902-479B-B801-C15C70DC7153}"
EndProject
Project("{FAE04EC0-301F-11D3-BF4B-00C04F79EFBC}") = "Day6-Contd", "Day6-Contd\Day6-Contd.csproj", "{ACE717DB-248E-4B57-9A3E-8215B21049B8}"
EndProject
Global
	GlobalSection(SolutionConfigurationPlatforms) = preSolution
		Debug|Any CPU = Debug|Any CPU
		Release|Any CPU = Release|Any CPU
	EndGlobalSection
	GlobalSection(ProjectConfigurationPlatforms) = postSolution
		{5907BFCE-3902-479B-B801-C15C70DC7153}.Debug|Any CPU.ActiveCfg = Debug|Any CPU
		{5907BFCE-3902-479B-B801-C15C70DC7153}.Debug|Any CPU.Build.0 = Debug|Any CPU
		{5907BFCE-3902-479B-B801-C15C70DC7153}.Release|Any CPU.ActiveCfg = Release|Any CPU
		{5907BFCE-3902-479B-B801-C15C70DC7153}.Release|Any CPU.Build.0 = Release|Any CPU
		{ACE717DB-248E-4B57-9A3E-8215B21049B8}.Debug|Any CPU.ActiveCfg = Debug|Any CPU
		{ACE717DB-248E-4B57-9A3E-8215B21049B8}.Debug|Any CPU.Build.0 = Debug|Any CPU
		{ACE717DB-248E-4B57-9A3E-8215B21049B8}.Release|Any CPU.ActiveCfg = Release|Any CPU
		{ACE717DB-248E-4B57-9A3E-8215B21049B8}.Release|Any CPU.Build.0 = Release|Any CPU
	EndGlobalSection
	GlobalSection(SolutionProperties) = preSolution
		HideSolutionNode = FALSE
	EndGlobalSection
	GlobalSection(ExtensibilityGlobals) = postSolution
		SolutionGuid = {EA8861F8-4F0C-4D9D-9C56-FD33CAFF6E65}
	EndGlobalSection
EndGlobal
