
Microsoft Visual Studio Solution File, Format Version 12.00
# Visual Studio Version 17
VisualStudioVersion = 17.8.34330.188
MinimumVisualStudioVersion = 10.0.40219.1
Project("{FAE04EC0-301F-11D3-BF4B-00C04F79EFBC}") = "Day9", "Day9\Day9.csproj", "{C240DA42-344F-4092-B7E3-44AAD5749F09}"
EndProject
Global
	GlobalSection(SolutionConfigurationPlatforms) = preSolution
		Debug|Any CPU = Debug|Any CPU
		Release|Any CPU = Release|Any CPU
	EndGlobalSection
	GlobalSection(ProjectConfigurationPlatforms) = postSolution
		{C240DA42-344F-4092-B7E3-44AAD5749F09}.Debug|Any CPU.ActiveCfg = Debug|Any CPU
		{C240DA42-344F-4092-B7E3-44AAD5749F09}.Debug|Any CPU.Build.0 = Debug|Any CPU
		{C240DA42-344F-4092-B7E3-44AAD5749F09}.Release|Any CPU.ActiveCfg = Release|Any CPU
		{C240DA42-344F-4092-B7E3-44AAD5749F09}.Release|Any CPU.Build.0 = Release|Any CPU
	EndGlobalSection
	GlobalSection(SolutionProperties) = preSolution
		HideSolutionNode = FALSE
	EndGlobalSection
	GlobalSection(ExtensibilityGlobals) = postSolution
		SolutionGuid = {4E49BDF2-CB3C-49AA-B503-06BB4B745324}
	EndGlobalSection
EndGlobal
